
Microsoft Visual Studio Solution File, Format Version 12.00
# Visual Studio Version 17
VisualStudioVersion = 17.1.32328.378
MinimumVisualStudioVersion = 10.0.40219.1
Project("{FAE04EC0-301F-11D3-BF4B-00C04F79EFBC}") = "EmployeeManagement", "EmployeeManagement.csproj", "{76BCF169-A800-4A72-8658-FE330B010744}"
EndProject
Global
	GlobalSection(SolutionConfigurationPlatforms) = preSolution
		Debug|Any CPU = Debug|Any CPU
		Release|Any CPU = Release|Any CPU
	EndGlobalSection
	GlobalSection(ProjectConfigurationPlatforms) = postSolution
		{76BCF169-A800-4A72-8658-FE330B010744}.Debug|Any CPU.ActiveCfg = Debug|Any CPU
		{76BCF169-A800-4A72-8658-FE330B010744}.Debug|Any CPU.Build.0 = Debug|Any CPU
		{76BCF169-A800-4A72-8658-FE330B010744}.Release|Any CPU.ActiveCfg = Release|Any CPU
		{76BCF169-A800-4A72-8658-FE330B010744}.Release|Any CPU.Build.0 = Release|Any CPU
	EndGlobalSection
	GlobalSection(SolutionProperties) = preSolution
		HideSolutionNode = FALSE
	EndGlobalSection
	GlobalSection(ExtensibilityGlobals) = postSolution
		SolutionGuid = {85AB8D6A-8F87-49B1-BB3E-3898EE6EDF82}
	EndGlobalSection
EndGlobal
